{
    "_meta": {
        "hash": {
            "sha256": "c63b7f9e52b1f5968998d0997c22ffb10b914bfc23c022d3aeb7a2eb85db7275"
        },
        "pipfile-spec": 6,
        "requires": {
            "python_version": "3.8"
        },
        "sources": [
            {
                "name": "pypi",
                "url": "https://pypi.org/simple",
                "verify_ssl": true
            }
        ]
    },
    "default": {
        "asgiref": {
            "hashes": [
                "sha256:5ee950735509d04eb673bd7f7120f8fa1c9e2df495394992c73234d526907e17",
                "sha256:7162a3cb30ab0609f1a4c95938fd73e8604f63bdba516a7f7d64b83ff09478f0"
            ],
            "markers": "python_version >= '3.5'",
            "version": "==3.3.1"
        },
        "certifi": {
            "hashes": [
                "sha256:1a4995114262bffbc2413b159f2a1a480c969de6e6eb13ee966d470af86af59c",
                "sha256:719a74fb9e33b9bd44cc7f3a8d94bc35e4049deebe19ba7d8e108280cfd59830"
            ],
            "version": "==2020.12.5"
        },
        "chardet": {
            "hashes": [
                "sha256:0d6f53a15db4120f2b08c94f11e7d93d2c911ee118b6b30a04ec3ee8310179fa",
                "sha256:f864054d66fd9118f2e67044ac8981a54775ec5b67aed0441892edb553d21da5"
            ],
            "markers": "python_version >= '2.7' and python_version not in '3.0, 3.1, 3.2, 3.3, 3.4'",
            "version": "==4.0.0"
        },
        "click": {
            "hashes": [
                "sha256:d2b5255c7c6349bc1bd1e59e08cd12acbbd63ce649f2588755783aa94dfb6b1a",
                "sha256:dacca89f4bfadd5de3d7489b7c8a566eee0d3676333fbb50030263894c38c0dc"
            ],
            "markers": "python_version >= '2.7' and python_version not in '3.0, 3.1, 3.2, 3.3, 3.4'",
            "version": "==7.1.2"
        },
        "croniter": {
            "hashes": [
                "sha256:3af6ea39a34cd9bb15d4662b5962a24c08c66ccd487de12063ff61bb1319d7f4",
                "sha256:9d9942beaae10c0f9f5de4dcbfab4d85b10638cf407195b82d990bc086d6de0d"
            ],
            "markers": "python_version >= '2.6' and python_version not in '3.0, 3.1, 3.2, 3.3'",
            "version": "==1.0.1"
        },
        "django": {
            "hashes": [
                "sha256:2d78425ba74c7a1a74b196058b261b9733a8570782f4e2828974777ccca7edf7",
                "sha256:efa2ab96b33b20c2182db93147a0c3cd7769d418926f9e9f140a60dca7c64ca9"
            ],
            "index": "pypi",
            "version": "==3.1.5"
        },
        "djangorestframework": {
            "hashes": [
                "sha256:0209bafcb7b5010fdfec784034f059d512256424de2a0f084cb82b096d6dd6a7",
                "sha256:0898182b4737a7b584a2c73735d89816343369f259fea932d90dc78e35d8ac33"
            ],
            "index": "pypi",
            "version": "==3.12.2"
        },
        "idna": {
            "hashes": [
                "sha256:b307872f855b18632ce0c21c5e45be78c0ea7ae4c15c828c20788b26921eb3f6",
                "sha256:b97d804b1e9b523befed77c48dacec60e6dcb0b5391d57af6a65a312a90648c0"
            ],
            "markers": "python_version >= '2.7' and python_version not in '3.0, 3.1, 3.2, 3.3'",
            "version": "==2.10"
        },
        "natsort": {
            "hashes": [
                "sha256:161dfaa30a820a4a274d4eab1f693300990a1be05ae5724af0cc6d3b530fc979",
                "sha256:33f3f1003e2af4b4df20908fe62aa029999d136b966463746942efbfc821add3"
            ],
            "markers": "python_version >= '3.4'",
            "version": "==7.1.0"
        },
        "python-dateutil": {
            "hashes": [
                "sha256:73ebfe9dbf22e832286dafa60473e4cd239f8592f699aa5adaf10050e6e1823c",
                "sha256:75bb3f31ea686f1197762692a9ee6a7550b59fc6ca3a1f4b5d7e32fb98e2da2a"
            ],
            "markers": "python_version >= '2.7' and python_version not in '3.0, 3.1, 3.2, 3.3'",
            "version": "==2.8.1"
        },
        "pytz": {
            "hashes": [
                "sha256:16962c5fb8db4a8f63a26646d8886e9d769b6c511543557bc84e9569fb9a9cb4",
                "sha256:180befebb1927b16f6b57101720075a984c019ac16b1b7575673bea42c6c3da5"
            ],
            "version": "==2020.5"
        },
        "redis": {
            "hashes": [
                "sha256:0e7e0cfca8660dea8b7d5cd8c4f6c5e29e11f31158c0b0ae91a397f00e5a05a2",
                "sha256:432b788c4530cfe16d8d943a09d40ca6c16149727e4afe8c2c9d5580c59d9f24"
            ],
            "index": "pypi",
            "version": "==3.5.3"
        },
        "requests": {
            "hashes": [
                "sha256:27973dd4a904a4f13b263a19c866c13b92a39ed1c964655f025f3f8d3d75b804",
                "sha256:c210084e36a42ae6b9219e00e48287def368a26d03a048ddad7bfee44f75871e"
            ],
            "index": "pypi",
            "version": "==2.25.1"
        },
        "rq": {
            "hashes": [
                "sha256:0291603f0c5bb0ef18363f6b325ae76076c1d79bb918e052aac1f8da2297dbfb",
                "sha256:e0435db8e8afd2f83fd17262722d02a4455403a8a6344670186497474d74ce3a"
            ],
            "index": "pypi",
            "version": "==1.7.0"
        },
        "rq-scheduler": {
            "hashes": [
                "sha256:de2e2754a05549dadbe7422d2d1fa5ad0c1d556280515af9c3b9c1eba0db5ddb",
                "sha256:f19486671473eba42095163f2ae829d5dcb046dde01628233871ee830c1c3c2e"
            ],
            "index": "pypi",
            "version": "==0.10.0"
        },
        "six": {
            "hashes": [
                "sha256:30639c035cdb23534cd4aa2dd52c3bf48f06e5f4a941509c8bafd8ce11080259",
                "sha256:8b74bedcbbbaca38ff6d7491d76f2b06b3592611af620f8426e82dddb04a5ced"
            ],
            "markers": "python_version >= '2.7' and python_version not in '3.0, 3.1, 3.2, 3.3'",
            "version": "==1.15.0"
        },
        "sqlparse": {
            "hashes": [
                "sha256:017cde379adbd6a1f15a61873f43e8274179378e95ef3fede90b5aa64d304ed0",
                "sha256:0f91fd2e829c44362cbcfab3e9ae12e22badaa8a29ad5ff599f9ec109f0454e8"
            ],
            "markers": "python_version >= '3.5'",
            "version": "==0.4.1"
        },
        "urllib3": {
            "hashes": [
                "sha256:19188f96923873c92ccb987120ec4acaa12f0461fa9ce5d3d0772bc965a39e08",
                "sha256:d8ff90d979214d7b4f8ce956e80f4028fc6860e4431f731ea4a8c08f23f99473"
            ],
            "markers": "python_version >= '2.7' and python_version not in '3.0, 3.1, 3.2, 3.3, 3.4' and python_version < '4'",
            "version": "==1.26.2"
        }
    },
    "develop": {}
}
